// !$*UTF8*$!
{
	archiveVersion = 1;
	classes = {
	};
	objectVersion = 46;
	objects = {

/* Begin PBXBuildFile section */
		77051A96B2E25DEFADD0C3BC /* Pods.framework in Frameworks */ = {isa = PBXBuildFile; fileRef = E1C0925BFABF74048DB58A2C /* Pods.framework */; settings = {ATTRIBUTES = (Weak, ); }; };
		B849DCC51A93C4DF00B5EC21 /* AppDelegate.swift in Sources */ = {isa = PBXBuildFile; fileRef = B849DCC41A93C4DF00B5EC21 /* AppDelegate.swift */; };
		B849DCC81A93C4DF00B5EC21 /* Metro_Tracker.xcdatamodeld in Sources */ = {isa = PBXBuildFile; fileRef = B849DCC61A93C4DF00B5EC21 /* Metro_Tracker.xcdatamodeld */; };
		B849DCCD1A93C4DF00B5EC21 /* Main.storyboard in Resources */ = {isa = PBXBuildFile; fileRef = B849DCCB1A93C4DF00B5EC21 /* Main.storyboard */; };
		B849DCCF1A93C4DF00B5EC21 /* Images.xcassets in Resources */ = {isa = PBXBuildFile; fileRef = B849DCCE1A93C4DF00B5EC21 /* Images.xcassets */; };
		B849DCD21A93C4DF00B5EC21 /* LaunchScreen.xib in Resources */ = {isa = PBXBuildFile; fileRef = B849DCD01A93C4DF00B5EC21 /* LaunchScreen.xib */; };
		B849DCDE1A93C4DF00B5EC21 /* Metro_TrackerTests.swift in Sources */ = {isa = PBXBuildFile; fileRef = B849DCDD1A93C4DF00B5EC21 /* Metro_TrackerTests.swift */; };
		B849DCE81A93C5E400B5EC21 /* BusLine.swift in Sources */ = {isa = PBXBuildFile; fileRef = B849DCE71A93C5E400B5EC21 /* BusLine.swift */; };
		B849DCEA1A93C69700B5EC21 /* BusLineTableViewController.swift in Sources */ = {isa = PBXBuildFile; fileRef = B849DCE91A93C69700B5EC21 /* BusLineTableViewController.swift */; };
		B849DCEE1A93CFFC00B5EC21 /* BusLineTests.swift in Sources */ = {isa = PBXBuildFile; fileRef = B849DCED1A93CFFC00B5EC21 /* BusLineTests.swift */; };
		B849DCEF1A93D08400B5EC21 /* BusLine.swift in Sources */ = {isa = PBXBuildFile; fileRef = B849DCE71A93C5E400B5EC21 /* BusLine.swift */; };
		B849DCF11A93D36000B5EC21 /* BusLineTableViewControllerTests.swift in Sources */ = {isa = PBXBuildFile; fileRef = B849DCF01A93D36000B5EC21 /* BusLineTableViewControllerTests.swift */; };
		B849DCF21A93D61500B5EC21 /* BusLineTableViewController.swift in Sources */ = {isa = PBXBuildFile; fileRef = B849DCE91A93C69700B5EC21 /* BusLineTableViewController.swift */; };
		B849DCF31A93E62900B5EC21 /* Main.storyboard in Resources */ = {isa = PBXBuildFile; fileRef = B849DCCB1A93C4DF00B5EC21 /* Main.storyboard */; };
		B89FD9191A940D7C00906532 /* MetroAPIService.swift in Sources */ = {isa = PBXBuildFile; fileRef = B89FD9181A940D7C00906532 /* MetroAPIService.swift */; };
		B89FD91A1A940E1400906532 /* MetroAPIService.swift in Sources */ = {isa = PBXBuildFile; fileRef = B89FD9181A940D7C00906532 /* MetroAPIService.swift */; };
		B8DB1DDB1A955F02000B9156 /* BusStopTableViewController.swift in Sources */ = {isa = PBXBuildFile; fileRef = B8DB1DDA1A955F02000B9156 /* BusStopTableViewController.swift */; };
		B8DB1DDD1A955FBA000B9156 /* BusStop.swift in Sources */ = {isa = PBXBuildFile; fileRef = B8DB1DDC1A955FBA000B9156 /* BusStop.swift */; };
		B8DB1DDE1A95633E000B9156 /* BusStopTableViewController.swift in Sources */ = {isa = PBXBuildFile; fileRef = B8DB1DDA1A955F02000B9156 /* BusStopTableViewController.swift */; };
		B8DB1DDF1A95636F000B9156 /* BusStop.swift in Sources */ = {isa = PBXBuildFile; fileRef = B8DB1DDC1A955FBA000B9156 /* BusStop.swift */; };
		DAB186F13091C832B31C3367 /* Pods.framework in Frameworks */ = {isa = PBXBuildFile; fileRef = E1C0925BFABF74048DB58A2C /* Pods.framework */; settings = {ATTRIBUTES = (Weak, ); }; };
/* End PBXBuildFile section */

/* Begin PBXContainerItemProxy section */
		B849DCD81A93C4DF00B5EC21 /* PBXContainerItemProxy */ = {
			isa = PBXContainerItemProxy;
			containerPortal = B849DCB71A93C4DF00B5EC21 /* Project object */;
			proxyType = 1;
			remoteGlobalIDString = B849DCBE1A93C4DF00B5EC21;
			remoteInfo = "Metro Tracker";
		};
/* End PBXContainerItemProxy section */

/* Begin PBXFileReference section */
		A4AC9FE8F160AEEFEE7BBF61 /* Pods.release.xcconfig */ = {isa = PBXFileReference; includeInIndex = 1; lastKnownFileType = text.xcconfig; name = Pods.release.xcconfig; path = "Pods/Target Support Files/Pods/Pods.release.xcconfig"; sourceTree = "<group>"; };
		A95FAA929888783BB6ACAE05 /* Pods.debug.xcconfig */ = {isa = PBXFileReference; includeInIndex = 1; lastKnownFileType = text.xcconfig; name = Pods.debug.xcconfig; path = "Pods/Target Support Files/Pods/Pods.debug.xcconfig"; sourceTree = "<group>"; };
		B849DCBF1A93C4DF00B5EC21 /* Metro Tracker.app */ = {isa = PBXFileReference; explicitFileType = wrapper.application; includeInIndex = 0; path = "Metro Tracker.app"; sourceTree = BUILT_PRODUCTS_DIR; };
		B849DCC31A93C4DF00B5EC21 /* Info.plist */ = {isa = PBXFileReference; lastKnownFileType = text.plist.xml; path = Info.plist; sourceTree = "<group>"; };
		B849DCC41A93C4DF00B5EC21 /* AppDelegate.swift */ = {isa = PBXFileReference; lastKnownFileType = sourcecode.swift; path = AppDelegate.swift; sourceTree = "<group>"; };
		B849DCC71A93C4DF00B5EC21 /* Metro_Tracker.xcdatamodel */ = {isa = PBXFileReference; lastKnownFileType = wrapper.xcdatamodel; path = Metro_Tracker.xcdatamodel; sourceTree = "<group>"; };
		B849DCCC1A93C4DF00B5EC21 /* Base */ = {isa = PBXFileReference; lastKnownFileType = file.storyboard; name = Base; path = Base.lproj/Main.storyboard; sourceTree = "<group>"; };
		B849DCCE1A93C4DF00B5EC21 /* Images.xcassets */ = {isa = PBXFileReference; lastKnownFileType = folder.assetcatalog; path = Images.xcassets; sourceTree = "<group>"; };
		B849DCD11A93C4DF00B5EC21 /* Base */ = {isa = PBXFileReference; lastKnownFileType = file.xib; name = Base; path = Base.lproj/LaunchScreen.xib; sourceTree = "<group>"; };
		B849DCD71A93C4DF00B5EC21 /* Metro TrackerTests.xctest */ = {isa = PBXFileReference; explicitFileType = wrapper.cfbundle; includeInIndex = 0; path = "Metro TrackerTests.xctest"; sourceTree = BUILT_PRODUCTS_DIR; };
		B849DCDC1A93C4DF00B5EC21 /* Info.plist */ = {isa = PBXFileReference; lastKnownFileType = text.plist.xml; path = Info.plist; sourceTree = "<group>"; };
		B849DCDD1A93C4DF00B5EC21 /* Metro_TrackerTests.swift */ = {isa = PBXFileReference; lastKnownFileType = sourcecode.swift; path = Metro_TrackerTests.swift; sourceTree = "<group>"; };
		B849DCE71A93C5E400B5EC21 /* BusLine.swift */ = {isa = PBXFileReference; fileEncoding = 4; lastKnownFileType = sourcecode.swift; path = BusLine.swift; sourceTree = "<group>"; };
		B849DCE91A93C69700B5EC21 /* BusLineTableViewController.swift */ = {isa = PBXFileReference; fileEncoding = 4; lastKnownFileType = sourcecode.swift; path = BusLineTableViewController.swift; sourceTree = "<group>"; };
		B849DCED1A93CFFC00B5EC21 /* BusLineTests.swift */ = {isa = PBXFileReference; fileEncoding = 4; lastKnownFileType = sourcecode.swift; path = BusLineTests.swift; sourceTree = "<group>"; };
		B849DCF01A93D36000B5EC21 /* BusLineTableViewControllerTests.swift */ = {isa = PBXFileReference; fileEncoding = 4; lastKnownFileType = sourcecode.swift; path = BusLineTableViewControllerTests.swift; sourceTree = "<group>"; };
		B89FD9181A940D7C00906532 /* MetroAPIService.swift */ = {isa = PBXFileReference; fileEncoding = 4; lastKnownFileType = sourcecode.swift; path = MetroAPIService.swift; sourceTree = "<group>"; };
		B8DB1DDA1A955F02000B9156 /* BusStopTableViewController.swift */ = {isa = PBXFileReference; fileEncoding = 4; lastKnownFileType = sourcecode.swift; path = BusStopTableViewController.swift; sourceTree = "<group>"; };
		B8DB1DDC1A955FBA000B9156 /* BusStop.swift */ = {isa = PBXFileReference; fileEncoding = 4; lastKnownFileType = sourcecode.swift; path = BusStop.swift; sourceTree = "<group>"; };
		E1C0925BFABF74048DB58A2C /* Pods.framework */ = {isa = PBXFileReference; explicitFileType = wrapper.framework; includeInIndex = 0; path = Pods.framework; sourceTree = BUILT_PRODUCTS_DIR; };
/* End PBXFileReference section */

/* Begin PBXFrameworksBuildPhase section */
		B849DCBC1A93C4DF00B5EC21 /* Frameworks */ = {
			isa = PBXFrameworksBuildPhase;
			buildActionMask = 2147483647;
			files = (
				77051A96B2E25DEFADD0C3BC /* Pods.framework in Frameworks */,
			);
			runOnlyForDeploymentPostprocessing = 0;
		};
		B849DCD41A93C4DF00B5EC21 /* Frameworks */ = {
			isa = PBXFrameworksBuildPhase;
			buildActionMask = 2147483647;
			files = (
				DAB186F13091C832B31C3367 /* Pods.framework in Frameworks */,
			);
			runOnlyForDeploymentPostprocessing = 0;
		};
/* End PBXFrameworksBuildPhase section */

/* Begin PBXGroup section */
		56272DA4CE5112F92C4F5345 /* Frameworks */ = {
			isa = PBXGroup;
			children = (
				E1C0925BFABF74048DB58A2C /* Pods.framework */,
			);
			name = Frameworks;
			sourceTree = "<group>";
		};
		6A83B194A5B22DB99926E7CD /* Pods */ = {
			isa = PBXGroup;
			children = (
				A95FAA929888783BB6ACAE05 /* Pods.debug.xcconfig */,
				A4AC9FE8F160AEEFEE7BBF61 /* Pods.release.xcconfig */,
			);
			name = Pods;
			sourceTree = "<group>";
		};
		B849DCB61A93C4DF00B5EC21 = {
			isa = PBXGroup;
			children = (
				B849DCC11A93C4DF00B5EC21 /* Metro Tracker */,
				B849DCDA1A93C4DF00B5EC21 /* Metro TrackerTests */,
				B849DCC01A93C4DF00B5EC21 /* Products */,
				6A83B194A5B22DB99926E7CD /* Pods */,
				56272DA4CE5112F92C4F5345 /* Frameworks */,
			);
			sourceTree = "<group>";
		};
		B849DCC01A93C4DF00B5EC21 /* Products */ = {
			isa = PBXGroup;
			children = (
				B849DCBF1A93C4DF00B5EC21 /* Metro Tracker.app */,
				B849DCD71A93C4DF00B5EC21 /* Metro TrackerTests.xctest */,
			);
			name = Products;
			sourceTree = "<group>";
		};
		B849DCC11A93C4DF00B5EC21 /* Metro Tracker */ = {
			isa = PBXGroup;
			children = (
				B849DCC41A93C4DF00B5EC21 /* AppDelegate.swift */,
				B849DCCB1A93C4DF00B5EC21 /* Main.storyboard */,
				B849DCE71A93C5E400B5EC21 /* BusLine.swift */,
				B89FD9181A940D7C00906532 /* MetroAPIService.swift */,
				B849DCE91A93C69700B5EC21 /* BusLineTableViewController.swift */,
				B8DB1DDA1A955F02000B9156 /* BusStopTableViewController.swift */,
				B8DB1DDC1A955FBA000B9156 /* BusStop.swift */,
				B849DCCE1A93C4DF00B5EC21 /* Images.xcassets */,
				B849DCD01A93C4DF00B5EC21 /* LaunchScreen.xib */,
				B849DCC61A93C4DF00B5EC21 /* Metro_Tracker.xcdatamodeld */,
				B849DCC21A93C4DF00B5EC21 /* Supporting Files */,
			);
			path = "Metro Tracker";
			sourceTree = "<group>";
		};
		B849DCC21A93C4DF00B5EC21 /* Supporting Files */ = {
			isa = PBXGroup;
			children = (
				B849DCC31A93C4DF00B5EC21 /* Info.plist */,
			);
			name = "Supporting Files";
			sourceTree = "<group>";
		};
		B849DCDA1A93C4DF00B5EC21 /* Metro TrackerTests */ = {
			isa = PBXGroup;
			children = (
				B849DCDD1A93C4DF00B5EC21 /* Metro_TrackerTests.swift */,
				B849DCF01A93D36000B5EC21 /* BusLineTableViewControllerTests.swift */,
				B849DCED1A93CFFC00B5EC21 /* BusLineTests.swift */,
				B849DCDB1A93C4DF00B5EC21 /* Supporting Files */,
			);
			path = "Metro TrackerTests";
			sourceTree = "<group>";
		};
		B849DCDB1A93C4DF00B5EC21 /* Supporting Files */ = {
			isa = PBXGroup;
			children = (
				B849DCDC1A93C4DF00B5EC21 /* Info.plist */,
			);
			name = "Supporting Files";
			sourceTree = "<group>";
		};
/* End PBXGroup section */

/* Begin PBXNativeTarget section */
		B849DCBE1A93C4DF00B5EC21 /* Metro Tracker */ = {
			isa = PBXNativeTarget;
			buildConfigurationList = B849DCE11A93C4DF00B5EC21 /* Build configuration list for PBXNativeTarget "Metro Tracker" */;
			buildPhases = (
				95AC7CED46A445460001EE4C /* Check Pods Manifest.lock */,
				B849DCBB1A93C4DF00B5EC21 /* Sources */,
				B849DCBC1A93C4DF00B5EC21 /* Frameworks */,
				B849DCBD1A93C4DF00B5EC21 /* Resources */,
				D437DA38524D6BC638D98410 /* Embed Pods Frameworks */,
				E36B5EBC9D9BCB5DC6FA27CB /* Copy Pods Resources */,
			);
			buildRules = (
			);
			dependencies = (
			);
			name = "Metro Tracker";
			productName = "Metro Tracker";
			productReference = B849DCBF1A93C4DF00B5EC21 /* Metro Tracker.app */;
			productType = "com.apple.product-type.application";
		};
		B849DCD61A93C4DF00B5EC21 /* Metro TrackerTests */ = {
			isa = PBXNativeTarget;
			buildConfigurationList = B849DCE41A93C4DF00B5EC21 /* Build configuration list for PBXNativeTarget "Metro TrackerTests" */;
			buildPhases = (
				64D4F6F5545DDE02529DFF4D /* Check Pods Manifest.lock */,
				B849DCD31A93C4DF00B5EC21 /* Sources */,
				B849DCD41A93C4DF00B5EC21 /* Frameworks */,
				B849DCD51A93C4DF00B5EC21 /* Resources */,
				4683BBF4E055BFB335AC446A /* Embed Pods Frameworks */,
				9EC0BAD4F160DD3DF3EBF09F /* Copy Pods Resources */,
			);
			buildRules = (
			);
			dependencies = (
				B849DCD91A93C4DF00B5EC21 /* PBXTargetDependency */,
			);
			name = "Metro TrackerTests";
			productName = "Metro TrackerTests";
			productReference = B849DCD71A93C4DF00B5EC21 /* Metro TrackerTests.xctest */;
			productType = "com.apple.product-type.bundle.unit-test";
		};
/* End PBXNativeTarget section */

/* Begin PBXProject section */
		B849DCB71A93C4DF00B5EC21 /* Project object */ = {
			isa = PBXProject;
			attributes = {
				LastUpgradeCheck = 0610;
				ORGANIZATIONNAME = "Chris Svenningsen";
				TargetAttributes = {
					B849DCBE1A93C4DF00B5EC21 = {
						CreatedOnToolsVersion = 6.1.1;
					};
					B849DCD61A93C4DF00B5EC21 = {
						CreatedOnToolsVersion = 6.1.1;
						TestTargetID = B849DCBE1A93C4DF00B5EC21;
					};
				};
			};
			buildConfigurationList = B849DCBA1A93C4DF00B5EC21 /* Build configuration list for PBXProject "Metro Tracker" */;
			compatibilityVersion = "Xcode 3.2";
			developmentRegion = English;
			hasScannedForEncodings = 0;
			knownRegions = (
				en,
				Base,
			);
			mainGroup = B849DCB61A93C4DF00B5EC21;
			productRefGroup = B849DCC01A93C4DF00B5EC21 /* Products */;
			projectDirPath = "";
			projectRoot = "";
			targets = (
				B849DCBE1A93C4DF00B5EC21 /* Metro Tracker */,
				B849DCD61A93C4DF00B5EC21 /* Metro TrackerTests */,
			);
		};
/* End PBXProject section */

/* Begin PBXResourcesBuildPhase section */
		B849DCBD1A93C4DF00B5EC21 /* Resources */ = {
			isa = PBXResourcesBuildPhase;
			buildActionMask = 2147483647;
			files = (
				B849DCCD1A93C4DF00B5EC21 /* Main.storyboard in Resources */,
				B849DCD21A93C4DF00B5EC21 /* LaunchScreen.xib in Resources */,
				B849DCCF1A93C4DF00B5EC21 /* Images.xcassets in Resources */,
			);
			runOnlyForDeploymentPostprocessing = 0;
		};
		B849DCD51A93C4DF00B5EC21 /* Resources */ = {
			isa = PBXResourcesBuildPhase;
			buildActionMask = 2147483647;
			files = (
				B849DCF31A93E62900B5EC21 /* Main.storyboard in Resources */,
			);
			runOnlyForDeploymentPostprocessing = 0;
		};
/* End PBXResourcesBuildPhase section */

/* Begin PBXShellScriptBuildPhase section */
		4683BBF4E055BFB335AC446A /* Embed Pods Frameworks */ = {
			isa = PBXShellScriptBuildPhase;
			buildActionMask = 2147483647;
			files = (
			);
			inputPaths = (
			);
			name = "Embed Pods Frameworks";
			outputPaths = (
			);
			runOnlyForDeploymentPostprocessing = 0;
			shellPath = /bin/sh;
			shellScript = "\"${SRCROOT}/Pods/Target Support Files/Pods/Pods-frameworks.sh\"\n";
			showEnvVarsInLog = 0;
		};
		64D4F6F5545DDE02529DFF4D /* Check Pods Manifest.lock */ = {
			isa = PBXShellScriptBuildPhase;
			buildActionMask = 2147483647;
			files = (
			);
			inputPaths = (
			);
			name = "Check Pods Manifest.lock";
			outputPaths = (
			);
			runOnlyForDeploymentPostprocessing = 0;
			shellPath = /bin/sh;
			shellScript = "diff \"${PODS_ROOT}/../Podfile.lock\" \"${PODS_ROOT}/Manifest.lock\" > /dev/null\nif [[ $? != 0 ]] ; then\n    cat << EOM\nerror: The sandbox is not in sync with the Podfile.lock. Run 'pod install' or update your CocoaPods installation.\nEOM\n    exit 1\nfi\n";
			showEnvVarsInLog = 0;
		};
		95AC7CED46A445460001EE4C /* Check Pods Manifest.lock */ = {
			isa = PBXShellScriptBuildPhase;
			buildActionMask = 2147483647;
			files = (
			);
			inputPaths = (
			);
			name = "Check Pods Manifest.lock";
			outputPaths = (
			);
			runOnlyForDeploymentPostprocessing = 0;
			shellPath = /bin/sh;
			shellScript = "diff \"${PODS_ROOT}/../Podfile.lock\" \"${PODS_ROOT}/Manifest.lock\" > /dev/null\nif [[ $? != 0 ]] ; then\n    cat << EOM\nerror: The sandbox is not in sync with the Podfile.lock. Run 'pod install' or update your CocoaPods installation.\nEOM\n    exit 1\nfi\n";
			showEnvVarsInLog = 0;
		};
		9EC0BAD4F160DD3DF3EBF09F /* Copy Pods Resources */ = {
			isa = PBXShellScriptBuildPhase;
			buildActionMask = 2147483647;
			files = (
			);
			inputPaths = (
			);
			name = "Copy Pods Resources";
			outputPaths = (
			);
			runOnlyForDeploymentPostprocessing = 0;
			shellPath = /bin/sh;
			shellScript = "\"${SRCROOT}/Pods/Target Support Files/Pods/Pods-resources.sh\"\n";
			showEnvVarsInLog = 0;
		};
		D437DA38524D6BC638D98410 /* Embed Pods Frameworks */ = {
			isa = PBXShellScriptBuildPhase;
			buildActionMask = 2147483647;
			files = (
			);
			inputPaths = (
			);
			name = "Embed Pods Frameworks";
			outputPaths = (
			);
			runOnlyForDeploymentPostprocessing = 0;
			shellPath = /bin/sh;
			shellScript = "\"${SRCROOT}/Pods/Target Support Files/Pods/Pods-frameworks.sh\"\n";
			showEnvVarsInLog = 0;
		};
		E36B5EBC9D9BCB5DC6FA27CB /* Copy Pods Resources */ = {
			isa = PBXShellScriptBuildPhase;
			buildActionMask = 2147483647;
			files = (
			);
			inputPaths = (
			);
			name = "Copy Pods Resources";
			outputPaths = (
			);
			runOnlyForDeploymentPostprocessing = 0;
			shellPath = /bin/sh;
			shellScript = "\"${SRCROOT}/Pods/Target Support Files/Pods/Pods-resources.sh\"\n";
			showEnvVarsInLog = 0;
		};
/* End PBXShellScriptBuildPhase section */

/* Begin PBXSourcesBuildPhase section */
		B849DCBB1A93C4DF00B5EC21 /* Sources */ = {
			isa = PBXSourcesBuildPhase;
			buildActionMask = 2147483647;
			files = (
				B849DCEA1A93C69700B5EC21 /* BusLineTableViewController.swift in Sources */,
				B849DCC81A93C4DF00B5EC21 /* Metro_Tracker.xcdatamodeld in Sources */,
				B89FD9191A940D7C00906532 /* MetroAPIService.swift in Sources */,
				B8DB1DDD1A955FBA000B9156 /* BusStop.swift in Sources */,
				B849DCE81A93C5E400B5EC21 /* BusLine.swift in Sources */,
				B8DB1DDB1A955F02000B9156 /* BusStopTableViewController.swift in Sources */,
				B849DCC51A93C4DF00B5EC21 /* AppDelegate.swift in Sources */,
			);
			runOnlyForDeploymentPostprocessing = 0;
		};
		B849DCD31A93C4DF00B5EC21 /* Sources */ = {
			isa = PBXSourcesBuildPhase;
			buildActionMask = 2147483647;
			files = (
				B8DB1DDF1A95636F000B9156 /* BusStop.swift in Sources */,
				B849DCF11A93D36000B5EC21 /* BusLineTableViewControllerTests.swift in Sources */,
				B849DCEE1A93CFFC00B5EC21 /* BusLineTests.swift in Sources */,
				B849DCEF1A93D08400B5EC21 /* BusLine.swift in Sources */,
				B849DCF21A93D61500B5EC21 /* BusLineTableViewController.swift in Sources */,
				B89FD91A1A940E1400906532 /* MetroAPIService.swift in Sources */,
				B849DCDE1A93C4DF00B5EC21 /* Metro_TrackerTests.swift in Sources */,
				B8DB1DDE1A95633E000B9156 /* BusStopTableViewController.swift in Sources */,
			);
			runOnlyForDeploymentPostprocessing = 0;
		};
/* End PBXSourcesBuildPhase section */

/* Begin PBXTargetDependency section */
		B849DCD91A93C4DF00B5EC21 /* PBXTargetDependency */ = {
			isa = PBXTargetDependency;
			target = B849DCBE1A93C4DF00B5EC21 /* Metro Tracker */;
			targetProxy = B849DCD81A93C4DF00B5EC21 /* PBXContainerItemProxy */;
		};
/* End PBXTargetDependency section */

/* Begin PBXVariantGroup section */
		B849DCCB1A93C4DF00B5EC21 /* Main.storyboard */ = {
			isa = PBXVariantGroup;
			children = (
				B849DCCC1A93C4DF00B5EC21 /* Base */,
			);
			name = Main.storyboard;
			sourceTree = "<group>";
		};
		B849DCD01A93C4DF00B5EC21 /* LaunchScreen.xib */ = {
			isa = PBXVariantGroup;
			children = (
				B849DCD11A93C4DF00B5EC21 /* Base */,
			);
			name = LaunchScreen.xib;
			sourceTree = "<group>";
		};
/* End PBXVariantGroup section */

/* Begin XCBuildConfiguration section */
		B849DCDF1A93C4DF00B5EC21 /* Debug */ = {
			isa = XCBuildConfiguration;
			buildSettings = {
				ALWAYS_SEARCH_USER_PATHS = NO;
				CLANG_CXX_LANGUAGE_STANDARD = "gnu++0x";
				CLANG_CXX_LIBRARY = "libc++";
				CLANG_ENABLE_MODULES = YES;
				CLANG_ENABLE_OBJC_ARC = YES;
				CLANG_WARN_BOOL_CONVERSION = YES;
				CLANG_WARN_CONSTANT_CONVERSION = YES;
				CLANG_WARN_DIRECT_OBJC_ISA_USAGE = YES_ERROR;
				CLANG_WARN_EMPTY_BODY = YES;
				CLANG_WARN_ENUM_CONVERSION = YES;
				CLANG_WARN_INT_CONVERSION = YES;
				CLANG_WARN_OBJC_ROOT_CLASS = YES_ERROR;
				CLANG_WARN_UNREACHABLE_CODE = YES;
				CLANG_WARN__DUPLICATE_METHOD_MATCH = YES;
				"CODE_SIGN_IDENTITY[sdk=iphoneos*]" = "iPhone Developer";
				COPY_PHASE_STRIP = NO;
				ENABLE_STRICT_OBJC_MSGSEND = YES;
				GCC_C_LANGUAGE_STANDARD = gnu99;
				GCC_DYNAMIC_NO_PIC = NO;
				GCC_OPTIMIZATION_LEVEL = 0;
				GCC_PREPROCESSOR_DEFINITIONS = (
					"DEBUG=1",
					"$(inherited)",
				);
				GCC_SYMBOLS_PRIVATE_EXTERN = NO;
				GCC_WARN_64_TO_32_BIT_CONVERSION = YES;
				GCC_WARN_ABOUT_RETURN_TYPE = YES_ERROR;
				GCC_WARN_UNDECLARED_SELECTOR = YES;
				GCC_WARN_UNINITIALIZED_AUTOS = YES_AGGRESSIVE;
				GCC_WARN_UNUSED_FUNCTION = YES;
				GCC_WARN_UNUSED_VARIABLE = YES;
				IPHONEOS_DEPLOYMENT_TARGET = 8.1;
				MTL_ENABLE_DEBUG_INFO = YES;
				ONLY_ACTIVE_ARCH = YES;
				SDKROOT = iphoneos;
				SWIFT_OPTIMIZATION_LEVEL = "-Onone";
			};
			name = Debug;
		};
		B849DCE01A93C4DF00B5EC21 /* Release */ = {
			isa = XCBuildConfiguration;
			buildSettings = {
				ALWAYS_SEARCH_USER_PATHS = NO;
				CLANG_CXX_LANGUAGE_STANDARD = "gnu++0x";
				CLANG_CXX_LIBRARY = "libc++";
				CLANG_ENABLE_MODULES = YES;
				CLANG_ENABLE_OBJC_ARC = YES;
				CLANG_WARN_BOOL_CONVERSION = YES;
				CLANG_WARN_CONSTANT_CONVERSION = YES;
				CLANG_WARN_DIRECT_OBJC_ISA_USAGE = YES_ERROR;
				CLANG_WARN_EMPTY_BODY = YES;
				CLANG_WARN_ENUM_CONVERSION = YES;
				CLANG_WARN_INT_CONVERSION = YES;
				CLANG_WARN_OBJC_ROOT_CLASS = YES_ERROR;
				CLANG_WARN_UNREACHABLE_CODE = YES;
				CLANG_WARN__DUPLICATE_METHOD_MATCH = YES;
				"CODE_SIGN_IDENTITY[sdk=iphoneos*]" = "iPhone Developer";
				COPY_PHASE_STRIP = YES;
				ENABLE_NS_ASSERTIONS = NO;
				ENABLE_STRICT_OBJC_MSGSEND = YES;
				GCC_C_LANGUAGE_STANDARD = gnu99;
				GCC_WARN_64_TO_32_BIT_CONVERSION = YES;
				GCC_WARN_ABOUT_RETURN_TYPE = YES_ERROR;
				GCC_WARN_UNDECLARED_SELECTOR = YES;
				GCC_WARN_UNINITIALIZED_AUTOS = YES_AGGRESSIVE;
				GCC_WARN_UNUSED_FUNCTION = YES;
				GCC_WARN_UNUSED_VARIABLE = YES;
				IPHONEOS_DEPLOYMENT_TARGET = 8.1;
				MTL_ENABLE_DEBUG_INFO = NO;
				SDKROOT = iphoneos;
				VALIDATE_PRODUCT = YES;
			};
			name = Release;
		};
		B849DCE21A93C4DF00B5EC21 /* Debug */ = {
			isa = XCBuildConfiguration;
			baseConfigurationReference = A95FAA929888783BB6ACAE05 /* Pods.debug.xcconfig */;
			buildSettings = {
				ASSETCATALOG_COMPILER_APPICON_NAME = AppIcon;
				INFOPLIST_FILE = "Metro Tracker/Info.plist";
				LD_RUNPATH_SEARCH_PATHS = "$(inherited) @executable_path/Frameworks";
				PRODUCT_NAME = "$(TARGET_NAME)";
			};
			name = Debug;
		};
		B849DCE31A93C4DF00B5EC21 /* Release */ = {
			isa = XCBuildConfiguration;
			baseConfigurationReference = A4AC9FE8F160AEEFEE7BBF61 /* Pods.release.xcconfig */;
			buildSettings = {
				ASSETCATALOG_COMPILER_APPICON_NAME = AppIcon;
				INFOPLIST_FILE = "Metro Tracker/Info.plist";
				LD_RUNPATH_SEARCH_PATHS = "$(inherited) @executable_path/Frameworks";
				PRODUCT_NAME = "$(TARGET_NAME)";
			};
			name = Release;
		};
		B849DCE51A93C4DF00B5EC21 /* Debug */ = {
			isa = XCBuildConfiguration;
			baseConfigurationReference = A95FAA929888783BB6ACAE05 /* Pods.debug.xcconfig */;
			buildSettings = {
				BUNDLE_LOADER = "$(TEST_HOST)";
				FRAMEWORK_SEARCH_PATHS = (
					"$(SDKROOT)/Developer/Library/Frameworks",
					"$(inherited)",
				);
				GCC_PREPROCESSOR_DEFINITIONS = (
					"DEBUG=1",
					"$(inherited)",
				);
				INFOPLIST_FILE = "Metro TrackerTests/Info.plist";
				LD_RUNPATH_SEARCH_PATHS = "$(inherited) @executable_path/Frameworks @loader_path/Frameworks";
				PRODUCT_NAME = "$(TARGET_NAME)";
				TEST_HOST = "$(BUILT_PRODUCTS_DIR)/Metro Tracker.app/Metro Tracker";
			};
			name = Debug;
		};
		B849DCE61A93C4DF00B5EC21 /* Release */ = {
			isa = XCBuildConfiguration;
			baseConfigurationReference = A4AC9FE8F160AEEFEE7BBF61 /* Pods.release.xcconfig */;
			buildSettings = {
				BUNDLE_LOADER = "$(TEST_HOST)";
				FRAMEWORK_SEARCH_PATHS = (
					"$(SDKROOT)/Developer/Library/Frameworks",
					"$(inherited)",
				);
				INFOPLIST_FILE = "Metro TrackerTests/Info.plist";
				LD_RUNPATH_SEARCH_PATHS = "$(inherited) @executable_path/Frameworks @loader_path/Frameworks";
				PRODUCT_NAME = "$(TARGET_NAME)";
				TEST_HOST = "$(BUILT_PRODUCTS_DIR)/Metro Tracker.app/Metro Tracker";
			};
			name = Release;
		};
/* End XCBuildConfiguration section */

/* Begin XCConfigurationList section */
		B849DCBA1A93C4DF00B5EC21 /* Build configuration list for PBXProject "Metro Tracker" */ = {
			isa = XCConfigurationList;
			buildConfigurations = (
				B849DCDF1A93C4DF00B5EC21 /* Debug */,
				B849DCE01A93C4DF00B5EC21 /* Release */,
			);
			defaultConfigurationIsVisible = 0;
			defaultConfigurationName = Release;
		};
		B849DCE11A93C4DF00B5EC21 /* Build configuration list for PBXNativeTarget "Metro Tracker" */ = {
			isa = XCConfigurationList;
			buildConfigurations = (
				B849DCE21A93C4DF00B5EC21 /* Debug */,
				B849DCE31A93C4DF00B5EC21 /* Release */,
			);
			defaultConfigurationIsVisible = 0;
			defaultConfigurationName = Release;
		};
		B849DCE41A93C4DF00B5EC21 /* Build configuration list for PBXNativeTarget "Metro TrackerTests" */ = {
			isa = XCConfigurationList;
			buildConfigurations = (
				B849DCE51A93C4DF00B5EC21 /* Debug */,
				B849DCE61A93C4DF00B5EC21 /* Release */,
			);
			defaultConfigurationIsVisible = 0;
			defaultConfigurationName = Release;
		};
/* End XCConfigurationList section */

/* Begin XCVersionGroup section */
		B849DCC61A93C4DF00B5EC21 /* Metro_Tracker.xcdatamodeld */ = {
			isa = XCVersionGroup;
			children = (
				B849DCC71A93C4DF00B5EC21 /* Metro_Tracker.xcdatamodel */,
			);
			currentVersion = B849DCC71A93C4DF00B5EC21 /* Metro_Tracker.xcdatamodel */;
			path = Metro_Tracker.xcdatamodeld;
			sourceTree = "<group>";
			versionGroupType = wrapper.xcdatamodel;
		};
/* End XCVersionGroup section */
	};
	rootObject = B849DCB71A93C4DF00B5EC21 /* Project object */;
}
